
Microsoft Visual Studio Solution File, Format Version 12.00
# Visual Studio 15
VisualStudioVersion = 15.0.26430.6
MinimumVisualStudioVersion = 10.0.40219.1
Project("{FAE04EC0-301F-11D3-BF4B-00C04F79EFBC}") = "WebApplication1.Web", "WebApplication1.Web\WebApplication1.Web.csproj", "{19FDAE5D-2141-4547-B9D4-7C4A54B96802}"
EndProject
Project("{FAE04EC0-301F-11D3-BF4B-00C04F79EFBC}") = "WebApplication1.Tests", "WebApplication1.Tests\WebApplication1.Tests.csproj", "{2690F7A5-EE37-42AF-AE6C-E53ACFD5B540}"
EndProject
Project("{FAE04EC0-301F-11D3-BF4B-00C04F79EFBC}") = "WebApplication1.Tests.Js", "WebApplication1.Tests.Js\WebApplication1.Tests.Js.csproj", "{21F3F7A2-0DA5-4CD7-93D4-E49DE2B271F9}"
EndProject
Global
	GlobalSection(SolutionConfigurationPlatforms) = preSolution
		Debug|Any CPU = Debug|Any CPU
		Release|Any CPU = Release|Any CPU
	EndGlobalSection
	GlobalSection(ProjectConfigurationPlatforms) = postSolution
		{19FDAE5D-2141-4547-B9D4-7C4A54B96802}.Debug|Any CPU.ActiveCfg = Debug|Any CPU
		{19FDAE5D-2141-4547-B9D4-7C4A54B96802}.Debug|Any CPU.Build.0 = Debug|Any CPU
		{19FDAE5D-2141-4547-B9D4-7C4A54B96802}.Release|Any CPU.ActiveCfg = Release|Any CPU
		{19FDAE5D-2141-4547-B9D4-7C4A54B96802}.Release|Any CPU.Build.0 = Release|Any CPU
		{2690F7A5-EE37-42AF-AE6C-E53ACFD5B540}.Debug|Any CPU.ActiveCfg = Debug|Any CPU
		{2690F7A5-EE37-42AF-AE6C-E53ACFD5B540}.Debug|Any CPU.Build.0 = Debug|Any CPU
		{2690F7A5-EE37-42AF-AE6C-E53ACFD5B540}.Release|Any CPU.ActiveCfg = Release|Any CPU
		{2690F7A5-EE37-42AF-AE6C-E53ACFD5B540}.Release|Any CPU.Build.0 = Release|Any CPU
		{21F3F7A2-0DA5-4CD7-93D4-E49DE2B271F9}.Debug|Any CPU.ActiveCfg = Debug|Any CPU
		{21F3F7A2-0DA5-4CD7-93D4-E49DE2B271F9}.Debug|Any CPU.Build.0 = Debug|Any CPU
		{21F3F7A2-0DA5-4CD7-93D4-E49DE2B271F9}.Release|Any CPU.ActiveCfg = Release|Any CPU
		{21F3F7A2-0DA5-4CD7-93D4-E49DE2B271F9}.Release|Any CPU.Build.0 = Release|Any CPU
	EndGlobalSection
	GlobalSection(SolutionProperties) = preSolution
		HideSolutionNode = FALSE
	EndGlobalSection
EndGlobal
